
Microsoft Visual Studio Solution File, Format Version 12.00
Project("{FAE04EC0-301F-11D3-BF4B-00C04F79EFBC}") = "MetaV5 ClassLibary", "MetaV5 ClassLibary\MetaV5 ClassLibary.csproj", "{9A270710-98F9-449B-BEB0-BCCB2D4CBD64}"
EndProject
Global
	GlobalSection(SolutionConfigurationPlatforms) = preSolution
		Debug|Any CPU = Debug|Any CPU
		Release|Any CPU = Release|Any CPU
	EndGlobalSection
	GlobalSection(ProjectConfigurationPlatforms) = postSolution
		{9A270710-98F9-449B-BEB0-BCCB2D4CBD64}.Debug|Any CPU.ActiveCfg = Debug|Any CPU
		{9A270710-98F9-449B-BEB0-BCCB2D4CBD64}.Debug|Any CPU.Build.0 = Debug|Any CPU
		{9A270710-98F9-449B-BEB0-BCCB2D4CBD64}.Release|Any CPU.ActiveCfg = Release|Any CPU
		{9A270710-98F9-449B-BEB0-BCCB2D4CBD64}.Release|Any CPU.Build.0 = Release|Any CPU
	EndGlobalSection
EndGlobal
